
Microsoft Visual Studio Solution File, Format Version 12.00
# Visual Studio Version 17
VisualStudioVersion = 17.6.33723.286
MinimumVisualStudioVersion = 10.0.40219.1
Project("{FAE04EC0-301F-11D3-BF4B-00C04F79EFBC}") = "GitHubBot", "GitHubBot\GitHubBot.csproj", "{509C991F-7DDD-4805-BE1D-458967823ACC}"
EndProject
Global
	GlobalSection(SolutionConfigurationPlatforms) = preSolution
		Debug|Any CPU = Debug|Any CPU
		Release|Any CPU = Release|Any CPU
	EndGlobalSection
	GlobalSection(ProjectConfigurationPlatforms) = postSolution
		{509C991F-7DDD-4805-BE1D-458967823ACC}.Debug|Any CPU.ActiveCfg = Debug|Any CPU
		{509C991F-7DDD-4805-BE1D-458967823ACC}.Debug|Any CPU.Build.0 = Debug|Any CPU
		{509C991F-7DDD-4805-BE1D-458967823ACC}.Release|Any CPU.ActiveCfg = Release|Any CPU
		{509C991F-7DDD-4805-BE1D-458967823ACC}.Release|Any CPU.Build.0 = Release|Any CPU
	EndGlobalSection
	GlobalSection(SolutionProperties) = preSolution
		HideSolutionNode = FALSE
	EndGlobalSection
	GlobalSection(ExtensibilityGlobals) = postSolution
		SolutionGuid = {6413C873-97F6-4F91-AF4D-220F46520C82}
	EndGlobalSection
EndGlobal
